
Microsoft Visual Studio Solution File, Format Version 12.00
# Visual Studio Version 17
VisualStudioVersion = 17.1.32328.378
MinimumVisualStudioVersion = 10.0.40219.1
Project("{FAE04EC0-301F-11D3-BF4B-00C04F79EFBC}") = "SpotPicker", "SpotPicker.csproj", "{E464AB2C-CC12-49B4-9888-13F50E44ACEC}"
EndProject
Global
	GlobalSection(SolutionConfigurationPlatforms) = preSolution
		Debug|Any CPU = Debug|Any CPU
		Release|Any CPU = Release|Any CPU
	EndGlobalSection
	GlobalSection(ProjectConfigurationPlatforms) = postSolution
		{E464AB2C-CC12-49B4-9888-13F50E44ACEC}.Debug|Any CPU.ActiveCfg = Debug|Any CPU
		{E464AB2C-CC12-49B4-9888-13F50E44ACEC}.Debug|Any CPU.Build.0 = Debug|Any CPU
		{E464AB2C-CC12-49B4-9888-13F50E44ACEC}.Release|Any CPU.ActiveCfg = Release|Any CPU
		{E464AB2C-CC12-49B4-9888-13F50E44ACEC}.Release|Any CPU.Build.0 = Release|Any CPU
	EndGlobalSection
	GlobalSection(SolutionProperties) = preSolution
		HideSolutionNode = FALSE
	EndGlobalSection
	GlobalSection(ExtensibilityGlobals) = postSolution
		SolutionGuid = {801EBFB5-F6EB-4E90-A949-3B6050086D86}
	EndGlobalSection
EndGlobal
